
Microsoft Visual Studio Solution File, Format Version 12.00
# Visual Studio Version 17
VisualStudioVersion = 17.4.33213.308
MinimumVisualStudioVersion = 10.0.40219.1
Project("{C7167F0D-BC9F-4E6E-AFE1-012C56B48DB5}") = "ProtoCAD (Package)", "ProtoCAD\ProtoCAD (Package)\ProtoCAD (Package).wapproj", "{7DD4F9DE-1686-4A5F-BD15-DC101D65B150}"
EndProject
Project("{8BC9CEB8-8B4A-11D0-8D11-00A0C91BC942}") = "ProtoCAD", "ProtoCAD\ProtoCAD\ProtoCAD.vcxproj", "{1DF4E554-5BDE-4F0B-B65E-16C966EA0BFB}"
EndProject
Global
	GlobalSection(SolutionConfigurationPlatforms) = preSolution
		Debug|ARM64 = Debug|ARM64
		Debug|x64 = Debug|x64
		Debug|x86 = Debug|x86
		Release|ARM64 = Release|ARM64
		Release|x64 = Release|x64
		Release|x86 = Release|x86
	EndGlobalSection
	GlobalSection(ProjectConfigurationPlatforms) = postSolution
		{7DD4F9DE-1686-4A5F-BD15-DC101D65B150}.Debug|ARM64.ActiveCfg = Debug|ARM64
		{7DD4F9DE-1686-4A5F-BD15-DC101D65B150}.Debug|ARM64.Build.0 = Debug|ARM64
		{7DD4F9DE-1686-4A5F-BD15-DC101D65B150}.Debug|ARM64.Deploy.0 = Debug|ARM64
		{7DD4F9DE-1686-4A5F-BD15-DC101D65B150}.Debug|x64.ActiveCfg = Debug|x64
		{7DD4F9DE-1686-4A5F-BD15-DC101D65B150}.Debug|x64.Build.0 = Debug|x64
		{7DD4F9DE-1686-4A5F-BD15-DC101D65B150}.Debug|x64.Deploy.0 = Debug|x64
		{7DD4F9DE-1686-4A5F-BD15-DC101D65B150}.Debug|x86.ActiveCfg = Debug|x86
		{7DD4F9DE-1686-4A5F-BD15-DC101D65B150}.Debug|x86.Build.0 = Debug|x86
		{7DD4F9DE-1686-4A5F-BD15-DC101D65B150}.Debug|x86.Deploy.0 = Debug|x86
		{7DD4F9DE-1686-4A5F-BD15-DC101D65B150}.Release|ARM64.ActiveCfg = Release|ARM64
		{7DD4F9DE-1686-4A5F-BD15-DC101D65B150}.Release|ARM64.Build.0 = Release|ARM64
		{7DD4F9DE-1686-4A5F-BD15-DC101D65B150}.Release|ARM64.Deploy.0 = Release|ARM64
		{7DD4F9DE-1686-4A5F-BD15-DC101D65B150}.Release|x64.ActiveCfg = Release|x64
		{7DD4F9DE-1686-4A5F-BD15-DC101D65B150}.Release|x64.Build.0 = Release|x64
		{7DD4F9DE-1686-4A5F-BD15-DC101D65B150}.Release|x64.Deploy.0 = Release|x64
		{7DD4F9DE-1686-4A5F-BD15-DC101D65B150}.Release|x86.ActiveCfg = Release|x86
		{7DD4F9DE-1686-4A5F-BD15-DC101D65B150}.Release|x86.Build.0 = Release|x86
		{7DD4F9DE-1686-4A5F-BD15-DC101D65B150}.Release|x86.Deploy.0 = Release|x86
		{1DF4E554-5BDE-4F0B-B65E-16C966EA0BFB}.Debug|ARM64.ActiveCfg = Debug|ARM64
		{1DF4E554-5BDE-4F0B-B65E-16C966EA0BFB}.Debug|ARM64.Build.0 = Debug|ARM64
		{1DF4E554-5BDE-4F0B-B65E-16C966EA0BFB}.Debug|x64.ActiveCfg = Debug|x64
		{1DF4E554-5BDE-4F0B-B65E-16C966EA0BFB}.Debug|x64.Build.0 = Debug|x64
		{1DF4E554-5BDE-4F0B-B65E-16C966EA0BFB}.Debug|x86.ActiveCfg = Debug|Win32
		{1DF4E554-5BDE-4F0B-B65E-16C966EA0BFB}.Debug|x86.Build.0 = Debug|Win32
		{1DF4E554-5BDE-4F0B-B65E-16C966EA0BFB}.Release|ARM64.ActiveCfg = Release|ARM64
		{1DF4E554-5BDE-4F0B-B65E-16C966EA0BFB}.Release|ARM64.Build.0 = Release|ARM64
		{1DF4E554-5BDE-4F0B-B65E-16C966EA0BFB}.Release|x64.ActiveCfg = Release|x64
		{1DF4E554-5BDE-4F0B-B65E-16C966EA0BFB}.Release|x64.Build.0 = Release|x64
		{1DF4E554-5BDE-4F0B-B65E-16C966EA0BFB}.Release|x86.ActiveCfg = Release|Win32
		{1DF4E554-5BDE-4F0B-B65E-16C966EA0BFB}.Release|x86.Build.0 = Release|Win32
	EndGlobalSection
	GlobalSection(SolutionProperties) = preSolution
		HideSolutionNode = FALSE
	EndGlobalSection
	GlobalSection(ExtensibilityGlobals) = postSolution
		SolutionGuid = {2ED10BDE-70C7-4F9E-B9A7-5BF09CE66E74}
	EndGlobalSection
EndGlobal
